
Microsoft Visual Studio Solution File, Format Version 12.00
# Visual Studio Version 16
VisualStudioVersion = 16.0.29709.97
MinimumVisualStudioVersion = 10.0.40219.1
Project("{F184B08F-C81C-45F6-A57F-5ABD9991F28F}") = "MoreOperators-1-21-20", "MoreOperators-1-21-20.vbproj", "{D9851A4C-4F51-4FB0-8FDA-6763CCD774DD}"
EndProject
Global
	GlobalSection(SolutionConfigurationPlatforms) = preSolution
		Debug|Any CPU = Debug|Any CPU
		Release|Any CPU = Release|Any CPU
	EndGlobalSection
	GlobalSection(ProjectConfigurationPlatforms) = postSolution
		{D9851A4C-4F51-4FB0-8FDA-6763CCD774DD}.Debug|Any CPU.ActiveCfg = Debug|Any CPU
		{D9851A4C-4F51-4FB0-8FDA-6763CCD774DD}.Debug|Any CPU.Build.0 = Debug|Any CPU
		{D9851A4C-4F51-4FB0-8FDA-6763CCD774DD}.Release|Any CPU.ActiveCfg = Release|Any CPU
		{D9851A4C-4F51-4FB0-8FDA-6763CCD774DD}.Release|Any CPU.Build.0 = Release|Any CPU
	EndGlobalSection
	GlobalSection(SolutionProperties) = preSolution
		HideSolutionNode = FALSE
	EndGlobalSection
	GlobalSection(ExtensibilityGlobals) = postSolution
		SolutionGuid = {CF004C37-7DCE-40AA-B38D-901BC8A81D1B}
	EndGlobalSection
EndGlobal
