
Microsoft Visual Studio Solution File, Format Version 12.00
# Visual Studio Version 16
VisualStudioVersion = 16.0.29709.97
MinimumVisualStudioVersion = 10.0.40219.1
Project("{F184B08F-C81C-45F6-A57F-5ABD9991F28F}") = "MathContest", "MathContest.vbproj", "{F033E7AD-3BA9-44D4-9C2A-24B6FE087E8A}"
EndProject
Global
	GlobalSection(SolutionConfigurationPlatforms) = preSolution
		Debug|Any CPU = Debug|Any CPU
		Release|Any CPU = Release|Any CPU
	EndGlobalSection
	GlobalSection(ProjectConfigurationPlatforms) = postSolution
		{F033E7AD-3BA9-44D4-9C2A-24B6FE087E8A}.Debug|Any CPU.ActiveCfg = Debug|Any CPU
		{F033E7AD-3BA9-44D4-9C2A-24B6FE087E8A}.Debug|Any CPU.Build.0 = Debug|Any CPU
		{F033E7AD-3BA9-44D4-9C2A-24B6FE087E8A}.Release|Any CPU.ActiveCfg = Release|Any CPU
		{F033E7AD-3BA9-44D4-9C2A-24B6FE087E8A}.Release|Any CPU.Build.0 = Release|Any CPU
	EndGlobalSection
	GlobalSection(SolutionProperties) = preSolution
		HideSolutionNode = FALSE
	EndGlobalSection
	GlobalSection(ExtensibilityGlobals) = postSolution
		SolutionGuid = {4B648E69-4A3B-4426-8E31-D20685C542B7}
	EndGlobalSection
EndGlobal
